
Microsoft Visual Studio Solution File, Format Version 12.00
# Visual Studio Version 16
VisualStudioVersion = 16.0.30104.148
MinimumVisualStudioVersion = 10.0.40219.1
Project("{FAE04EC0-301F-11D3-BF4B-00C04F79EFBC}") = "Kneat_Booking_Automation", "Kneat_Booking_Automation\Kneat_Booking_Automation.csproj", "{8F885054-383B-4703-B88D-2BE59421A4FB}"
EndProject
Global
	GlobalSection(SolutionConfigurationPlatforms) = preSolution
		Debug|Any CPU = Debug|Any CPU
		Release|Any CPU = Release|Any CPU
	EndGlobalSection
	GlobalSection(ProjectConfigurationPlatforms) = postSolution
		{8F885054-383B-4703-B88D-2BE59421A4FB}.Debug|Any CPU.ActiveCfg = Debug|Any CPU
		{8F885054-383B-4703-B88D-2BE59421A4FB}.Debug|Any CPU.Build.0 = Debug|Any CPU
		{8F885054-383B-4703-B88D-2BE59421A4FB}.Release|Any CPU.ActiveCfg = Release|Any CPU
		{8F885054-383B-4703-B88D-2BE59421A4FB}.Release|Any CPU.Build.0 = Release|Any CPU
	EndGlobalSection
	GlobalSection(SolutionProperties) = preSolution
		HideSolutionNode = FALSE
	EndGlobalSection
	GlobalSection(ExtensibilityGlobals) = postSolution
		SolutionGuid = {863848D4-56F1-48F5-8D6D-4C9F8A9D1E7B}
	EndGlobalSection
EndGlobal
